
Microsoft Visual Studio Solution File, Format Version 12.00
# Visual Studio Version 16
VisualStudioVersion = 16.0.30907.101
MinimumVisualStudioVersion = 10.0.40219.1
Project("{8BC9CEB8-8B4A-11D0-8D11-00A0C91BC942}") = "HW5 - Templated Queue", "HW5 - Templated Queue.vcxproj", "{885B82D1-AEBE-4700-BFC3-D4D7D4A6FCD8}"
EndProject
Global
	GlobalSection(SolutionConfigurationPlatforms) = preSolution
		Debug|x64 = Debug|x64
		Debug|x86 = Debug|x86
		Release|x64 = Release|x64
		Release|x86 = Release|x86
	EndGlobalSection
	GlobalSection(ProjectConfigurationPlatforms) = postSolution
		{885B82D1-AEBE-4700-BFC3-D4D7D4A6FCD8}.Debug|x64.ActiveCfg = Debug|x64
		{885B82D1-AEBE-4700-BFC3-D4D7D4A6FCD8}.Debug|x64.Build.0 = Debug|x64
		{885B82D1-AEBE-4700-BFC3-D4D7D4A6FCD8}.Debug|x86.ActiveCfg = Debug|Win32
		{885B82D1-AEBE-4700-BFC3-D4D7D4A6FCD8}.Debug|x86.Build.0 = Debug|Win32
		{885B82D1-AEBE-4700-BFC3-D4D7D4A6FCD8}.Release|x64.ActiveCfg = Release|x64
		{885B82D1-AEBE-4700-BFC3-D4D7D4A6FCD8}.Release|x64.Build.0 = Release|x64
		{885B82D1-AEBE-4700-BFC3-D4D7D4A6FCD8}.Release|x86.ActiveCfg = Release|Win32
		{885B82D1-AEBE-4700-BFC3-D4D7D4A6FCD8}.Release|x86.Build.0 = Release|Win32
	EndGlobalSection
	GlobalSection(SolutionProperties) = preSolution
		HideSolutionNode = FALSE
	EndGlobalSection
	GlobalSection(ExtensibilityGlobals) = postSolution
		SolutionGuid = {65D806C9-6469-4721-AE08-2B8A658C04D8}
	EndGlobalSection
EndGlobal
